
Microsoft Visual Studio Solution File, Format Version 12.00
# Visual Studio Version 16
VisualStudioVersion = 16.0.30104.148
MinimumVisualStudioVersion = 10.0.40219.1
Project("{FAE04EC0-301F-11D3-BF4B-00C04F79EFBC}") = "ServicioChat", "MyWindowsService\ServicioChat.csproj", "{EB74D6DA-39B5-4CAE-9E15-20171BB754C3}"
EndProject
Global
	GlobalSection(SolutionConfigurationPlatforms) = preSolution
		Debug|Any CPU = Debug|Any CPU
		Release|Any CPU = Release|Any CPU
	EndGlobalSection
	GlobalSection(ProjectConfigurationPlatforms) = postSolution
		{EB74D6DA-39B5-4CAE-9E15-20171BB754C3}.Debug|Any CPU.ActiveCfg = Debug|Any CPU
		{EB74D6DA-39B5-4CAE-9E15-20171BB754C3}.Debug|Any CPU.Build.0 = Debug|Any CPU
		{EB74D6DA-39B5-4CAE-9E15-20171BB754C3}.Release|Any CPU.ActiveCfg = Release|Any CPU
		{EB74D6DA-39B5-4CAE-9E15-20171BB754C3}.Release|Any CPU.Build.0 = Release|Any CPU
	EndGlobalSection
	GlobalSection(SolutionProperties) = preSolution
		HideSolutionNode = FALSE
	EndGlobalSection
	GlobalSection(ExtensibilityGlobals) = postSolution
		SolutionGuid = {B5E45A09-FD16-4DC9-AA85-443DAF66990E}
	EndGlobalSection
EndGlobal
